{
    "name": "node-red-project",
    "version": "0.0.1",
    "lockfileVersion": 1,
    "requires": true,
    "dependencies": {
        "moment": {
            "version": "2.24.0",
            "resolved": "https://registry.npmjs.org/moment/-/moment-2.24.0.tgz",
            "integrity": "sha512-bV7f+6l2QigeBBZSM/6yTNq4P2fNpSWj/0e7jQcy87A8e7o2nAfP/34/2ky5Vw4B9S446EtIhodAzkFCcR4dQg=="
        },
        "mustache": {
            "version": "3.1.0",
            "resolved": "https://registry.npmjs.org/mustache/-/mustache-3.1.0.tgz",
            "integrity": "sha512-3Bxq1R5LBZp7fbFPZzFe5WN4s0q3+gxZaZuZVY+QctYJiCiVgXHOTIC0/HgZuOPFt/6BQcx5u0H2CUOxT/RoGQ=="
        },
        "node-red-contrib-time-switch": {
            "version": "1.0.4",
            "resolved": "https://registry.npmjs.org/node-red-contrib-time-switch/-/node-red-contrib-time-switch-1.0.4.tgz",
            "integrity": "sha512-+Y5AOV+QhKkhNmnF36uy3mmug+QaCx5OKIp1XJ1e+YV47XkmxPSxanBt0bAYtUzVOEWRo2huSZP3m1YNamu1xg==",
            "requires": {
                "moment": "^2.24.0",
                "mustache": "^3.0.1",
                "suncalc": "^1.8.0",
                "twix": "^1.3.0"
            }
        },
        "suncalc": {
            "version": "1.8.0",
            "resolved": "https://registry.npmjs.org/suncalc/-/suncalc-1.8.0.tgz",
            "integrity": "sha1-HZiYEJVjB4dQ9JlKlZ5lTYdqy/U="
        },
        "twix": {
            "version": "1.3.0",
            "resolved": "https://registry.npmjs.org/twix/-/twix-1.3.0.tgz",
            "integrity": "sha512-D1kCQgEuRZLZHIoYa6HUMgEBwHTzN8n8gYVX1y8uBooM+ZpowNyPcAuYk8YCkZxoIKIMOR7qgrae9yUUBP3yDQ=="
        }
    }
}
